github.com/Chrede88/wowchemy-shortcode-figArray v0.0.0-20201126195142-e0a319d31a45/go.mod h1:++oaqoV9CpTenvLkLS7XUCujg3tnHsraP2WI9a3MEZc=
github.com/wowchemy/wowchemy-hugo-modules/wowchemy v0.0.0-20201125230219-3a03b728de8f h1:b+69+FlBDnH98FutGkAIECGIcZabIn22X9EuQBiyOeg=
github.com/wowchemy/wowchemy-hugo-modules/wowchemy v0.0.0-20201125230219-3a03b728de8f/go.mod h1:H22qfH9qj3FWwsk7+bAZpmT24yRGNQURah2/IRwjbn8=
